{
  "version": 4,
  "terraform_version": "1.0.8",
  "serial": 3,
  "lineage": "25c0aea2-1a57-cedb-48ed-357313ae678a",
  "outputs": {},
  "resources": [
    {
      "mode": "managed",
      "type": "aws_cloudformation_stack",
      "name": "stack",
      "provider": "provider[\"registry.terraform.io/hashicorp/aws\"]",
      "instances": [
        {
          "status": "tainted",
          "schema_version": 0,
          "attributes": {
            "capabilities": [
              "CAPABILITY_AUTO_EXPAND",
              "CAPABILITY_NAMED_IAM"
            ],
            "disable_rollback": null,
            "iam_role_arn": null,
            "id": "arn:aws:cloudformation:eu-west-1:799617105972:stack/spec1-in-spec2/4a59f8a0-fa2f-11ec-a43c-0a0aabfe42d1",
            "name": "spec1-in-spec2",
            "notification_arns": null,
            "on_failure": null,
            "outputs": null,
            "parameters": null,
            "policy_body": null,
            "policy_url": null,
            "tags": null,
            "tags_all": null,
            "template_body": null,
            "template_url": "https://cf-templates-653mmcjy71ia-eu-west-1.s3.eu-west-1.amazonaws.com/template.json",
            "timeout_in_minutes": null,
            "timeouts": null
          },
          "sensitive_attributes": [],
          "private": "eyJlMmJmYjczMC1lY2FhLTExZTYtOGY4OC0zNDM2M2JjN2M0YzAiOnsiY3JlYXRlIjoxODAwMDAwMDAwMDAwLCJkZWxldGUiOjE4MDAwMDAwMDAwMDAsInVwZGF0ZSI6MTgwMDAwMDAwMDAwMH19"
        }
      ]
    }
  ]
}
