{
  "version": 4,
  "terraform_version": "1.0.8",
  "serial": 18,
  "lineage": "dadd9f64-634c-5983-7bf8-7caf096505e4",
  "outputs": {},
  "resources": [
    {
      "mode": "managed",
      "type": "aws_key_pair",
      "name": "deployer",
      "provider": "provider[\"registry.terraform.io/hashicorp/aws\"]",
      "instances": [
        {
          "schema_version": 1,
          "attributes": {
            "arn": "arn:aws:ec2:eu-west-1:799617105972:key-pair/ophirus",
            "fingerprint": "6a:92:2e:6d:e8:94:62:c0:00:f6:48:d4:81:a8:bf:6e",
            "id": "ophirus",
            "key_name": "ophirus",
            "key_name_prefix": "",
            "key_pair_id": "key-04e5c37092bfc8e67",
            "key_type": "rsa",
            "public_key": "ssh-rsa AAAAB3NzaC1yc2EAAAADAQABAAABAQDrW/Xh5MZ7yOhAtYUCh5G0f327yYuN7OW4H7mRR4mjlnxDbkq8V7+4SggTofR1kULIfsnlarfShM3yLCatsud1zx38XsCX8DC5BZBhJ5E9AdyQnhJmLN1mhFea0GY3Lxng12s3HwvP0/PPeeX4QwH/PK77/JAy09uTSsZaXPrgZNjTgBYyB0f1E7pbKODtEkodPa2CMXQBI/72ySJYWuQpqMb/bEd1PnmoNlYvY4XnGTuG6/LefGhB8TADO3Gi/lYpLi6g9Sgv3u3ke3YHO6gwZJm5JZplO7Ce4dnjzrLhTKGFN1lrnTeQSrxbn1aYo8UNPPQyHw9uSmfj8KXejPoh",
            "tags": null,
            "tags_all": {}
          },
          "sensitive_attributes": [],
          "private": "eyJzY2hlbWFfdmVyc2lvbiI6IjEifQ=="
        }
      ]
    }
  ]
}
